// !$*UTF8*$!
{
	archiveVersion = 1;
	classes = {
	};
	objectVersion = 46;
	objects = {

/* Begin PBXBuildFile section */
		359BBBF32139ABA2FD51F2AD /* Pods_MovieViewer.framework in Frameworks */ = {isa = PBXBuildFile; fileRef = 46671DA4900AA93041FC9C46 /* Pods_MovieViewer.framework */; };
		DACF71BF1E25F69600C1D079 /* AppDelegate.swift in Sources */ = {isa = PBXBuildFile; fileRef = DACF71BE1E25F69600C1D079 /* AppDelegate.swift */; };
		DACF71C41E25F69600C1D079 /* Main.storyboard in Resources */ = {isa = PBXBuildFile; fileRef = DACF71C21E25F69600C1D079 /* Main.storyboard */; };
		DACF71C61E25F69600C1D079 /* Assets.xcassets in Resources */ = {isa = PBXBuildFile; fileRef = DACF71C51E25F69600C1D079 /* Assets.xcassets */; };
		DACF71C91E25F69600C1D079 /* LaunchScreen.storyboard in Resources */ = {isa = PBXBuildFile; fileRef = DACF71C71E25F69600C1D079 /* LaunchScreen.storyboard */; };
		DACF71D51E25F8BF00C1D079 /* MoviesViewController.swift in Sources */ = {isa = PBXBuildFile; fileRef = DACF71D41E25F8BF00C1D079 /* MoviesViewController.swift */; };
		DACF71D81E2736DC00C1D079 /* MovieCell.swift in Sources */ = {isa = PBXBuildFile; fileRef = DACF71D71E2736DC00C1D079 /* MovieCell.swift */; };
/* End PBXBuildFile section */

/* Begin PBXFileReference section */
		46671DA4900AA93041FC9C46 /* Pods_MovieViewer.framework */ = {isa = PBXFileReference; explicitFileType = wrapper.framework; includeInIndex = 0; path = Pods_MovieViewer.framework; sourceTree = BUILT_PRODUCTS_DIR; };
		79C0900A624073E9C4DFDEEB /* Pods-MovieViewer.debug.xcconfig */ = {isa = PBXFileReference; includeInIndex = 1; lastKnownFileType = text.xcconfig; name = "Pods-MovieViewer.debug.xcconfig"; path = "Pods/Target Support Files/Pods-MovieViewer/Pods-MovieViewer.debug.xcconfig"; sourceTree = "<group>"; };
		DACF71BB1E25F69600C1D079 /* MovieViewer.app */ = {isa = PBXFileReference; explicitFileType = wrapper.application; includeInIndex = 0; path = MovieViewer.app; sourceTree = BUILT_PRODUCTS_DIR; };
		DACF71BE1E25F69600C1D079 /* AppDelegate.swift */ = {isa = PBXFileReference; lastKnownFileType = sourcecode.swift; path = AppDelegate.swift; sourceTree = "<group>"; };
		DACF71C31E25F69600C1D079 /* Base */ = {isa = PBXFileReference; lastKnownFileType = file.storyboard; name = Base; path = Base.lproj/Main.storyboard; sourceTree = "<group>"; };
		DACF71C51E25F69600C1D079 /* Assets.xcassets */ = {isa = PBXFileReference; lastKnownFileType = folder.assetcatalog; path = Assets.xcassets; sourceTree = "<group>"; };
		DACF71C81E25F69600C1D079 /* Base */ = {isa = PBXFileReference; lastKnownFileType = file.storyboard; name = Base; path = Base.lproj/LaunchScreen.storyboard; sourceTree = "<group>"; };
		DACF71CA1E25F69600C1D079 /* Info.plist */ = {isa = PBXFileReference; lastKnownFileType = text.plist.xml; path = Info.plist; sourceTree = "<group>"; };
		DACF71D41E25F8BF00C1D079 /* MoviesViewController.swift */ = {isa = PBXFileReference; fileEncoding = 4; lastKnownFileType = sourcecode.swift; path = MoviesViewController.swift; sourceTree = "<group>"; };
		DACF71D71E2736DC00C1D079 /* MovieCell.swift */ = {isa = PBXFileReference; fileEncoding = 4; lastKnownFileType = sourcecode.swift; path = MovieCell.swift; sourceTree = "<group>"; };
		E661505BA93532217E764703 /* Pods-MovieViewer.release.xcconfig */ = {isa = PBXFileReference; includeInIndex = 1; lastKnownFileType = text.xcconfig; name = "Pods-MovieViewer.release.xcconfig"; path = "Pods/Target Support Files/Pods-MovieViewer/Pods-MovieViewer.release.xcconfig"; sourceTree = "<group>"; };
/* End PBXFileReference section */

/* Begin PBXFrameworksBuildPhase section */
		DACF71B81E25F69600C1D079 /* Frameworks */ = {
			isa = PBXFrameworksBuildPhase;
			buildActionMask = 2147483647;
			files = (
				359BBBF32139ABA2FD51F2AD /* Pods_MovieViewer.framework in Frameworks */,
			);
			runOnlyForDeploymentPostprocessing = 0;
		};
/* End PBXFrameworksBuildPhase section */

/* Begin PBXGroup section */
		2CBE58B95E0F17675FCE07DF /* Pods */ = {
			isa = PBXGroup;
			children = (
				79C0900A624073E9C4DFDEEB /* Pods-MovieViewer.debug.xcconfig */,
				E661505BA93532217E764703 /* Pods-MovieViewer.release.xcconfig */,
			);
			name = Pods;
			sourceTree = "<group>";
		};
		6096372D9F759B4BE8F4C463 /* Frameworks */ = {
			isa = PBXGroup;
			children = (
				46671DA4900AA93041FC9C46 /* Pods_MovieViewer.framework */,
			);
			name = Frameworks;
			sourceTree = "<group>";
		};
		DACF71B21E25F69600C1D079 = {
			isa = PBXGroup;
			children = (
				DACF71BD1E25F69600C1D079 /* MovieViewer */,
				DACF71BC1E25F69600C1D079 /* Products */,
				2CBE58B95E0F17675FCE07DF /* Pods */,
				6096372D9F759B4BE8F4C463 /* Frameworks */,
			);
			sourceTree = "<group>";
		};
		DACF71BC1E25F69600C1D079 /* Products */ = {
			isa = PBXGroup;
			children = (
				DACF71BB1E25F69600C1D079 /* MovieViewer.app */,
			);
			name = Products;
			sourceTree = "<group>";
		};
		DACF71BD1E25F69600C1D079 /* MovieViewer */ = {
			isa = PBXGroup;
			children = (
				DACF71D91E27370000C1D079 /* ViewControllers */,
				DACF71D61E27367A00C1D079 /* Views */,
				DACF71BE1E25F69600C1D079 /* AppDelegate.swift */,
				DACF71C21E25F69600C1D079 /* Main.storyboard */,
				DACF71C51E25F69600C1D079 /* Assets.xcassets */,
				DACF71C71E25F69600C1D079 /* LaunchScreen.storyboard */,
				DACF71CA1E25F69600C1D079 /* Info.plist */,
			);
			path = MovieViewer;
			sourceTree = "<group>";
		};
		DACF71D61E27367A00C1D079 /* Views */ = {
			isa = PBXGroup;
			children = (
				DACF71D71E2736DC00C1D079 /* MovieCell.swift */,
			);
			name = Views;
			sourceTree = "<group>";
		};
		DACF71D91E27370000C1D079 /* ViewControllers */ = {
			isa = PBXGroup;
			children = (
				DACF71D41E25F8BF00C1D079 /* MoviesViewController.swift */,
			);
			name = ViewControllers;
			sourceTree = "<group>";
		};
/* End PBXGroup section */

/* Begin PBXNativeTarget section */
		DACF71BA1E25F69600C1D079 /* MovieViewer */ = {
			isa = PBXNativeTarget;
			buildConfigurationList = DACF71CD1E25F69600C1D079 /* Build configuration list for PBXNativeTarget "MovieViewer" */;
			buildPhases = (
				458FC5EB6DB100F3702765F1 /* [CP] Check Pods Manifest.lock */,
				DACF71B71E25F69600C1D079 /* Sources */,
				DACF71B81E25F69600C1D079 /* Frameworks */,
				DACF71B91E25F69600C1D079 /* Resources */,
				A852FEE21CF82CA8E2BB18C1 /* [CP] Embed Pods Frameworks */,
				A80372C613B7F5556680B5CB /* [CP] Copy Pods Resources */,
			);
			buildRules = (
			);
			dependencies = (
			);
			name = MovieViewer;
			productName = MovieViewer;
			productReference = DACF71BB1E25F69600C1D079 /* MovieViewer.app */;
			productType = "com.apple.product-type.application";
		};
/* End PBXNativeTarget section */

/* Begin PBXProject section */
		DACF71B31E25F69600C1D079 /* Project object */ = {
			isa = PBXProject;
			attributes = {
				LastSwiftUpdateCheck = 0720;
				LastUpgradeCheck = 0720;
				ORGANIZATIONNAME = Cecilia;
				TargetAttributes = {
					DACF71BA1E25F69600C1D079 = {
						CreatedOnToolsVersion = 7.2.1;
					};
				};
			};
			buildConfigurationList = DACF71B61E25F69600C1D079 /* Build configuration list for PBXProject "MovieViewer" */;
			compatibilityVersion = "Xcode 3.2";
			developmentRegion = English;
			hasScannedForEncodings = 0;
			knownRegions = (
				en,
				Base,
			);
			mainGroup = DACF71B21E25F69600C1D079;
			productRefGroup = DACF71BC1E25F69600C1D079 /* Products */;
			projectDirPath = "";
			projectRoot = "";
			targets = (
				DACF71BA1E25F69600C1D079 /* MovieViewer */,
			);
		};
/* End PBXProject section */

/* Begin PBXResourcesBuildPhase section */
		DACF71B91E25F69600C1D079 /* Resources */ = {
			isa = PBXResourcesBuildPhase;
			buildActionMask = 2147483647;
			files = (
				DACF71C91E25F69600C1D079 /* LaunchScreen.storyboard in Resources */,
				DACF71C61E25F69600C1D079 /* Assets.xcassets in Resources */,
				DACF71C41E25F69600C1D079 /* Main.storyboard in Resources */,
			);
			runOnlyForDeploymentPostprocessing = 0;
		};
/* End PBXResourcesBuildPhase section */

/* Begin PBXShellScriptBuildPhase section */
		458FC5EB6DB100F3702765F1 /* [CP] Check Pods Manifest.lock */ = {
			isa = PBXShellScriptBuildPhase;
			buildActionMask = 2147483647;
			files = (
			);
			inputPaths = (
			);
			name = "[CP] Check Pods Manifest.lock";
			outputPaths = (
			);
			runOnlyForDeploymentPostprocessing = 0;
			shellPath = /bin/sh;
			shellScript = "diff \"${PODS_ROOT}/../Podfile.lock\" \"${PODS_ROOT}/Manifest.lock\" > /dev/null\nif [ $? != 0 ] ; then\n    # print error to STDERR\n    echo \"error: The sandbox is not in sync with the Podfile.lock. Run 'pod install' or update your CocoaPods installation.\" >&2\n    exit 1\nfi\n";
			showEnvVarsInLog = 0;
		};
		A80372C613B7F5556680B5CB /* [CP] Copy Pods Resources */ = {
			isa = PBXShellScriptBuildPhase;
			buildActionMask = 2147483647;
			files = (
			);
			inputPaths = (
			);
			name = "[CP] Copy Pods Resources";
			outputPaths = (
			);
			runOnlyForDeploymentPostprocessing = 0;
			shellPath = /bin/sh;
			shellScript = "\"${SRCROOT}/Pods/Target Support Files/Pods-MovieViewer/Pods-MovieViewer-resources.sh\"\n";
			showEnvVarsInLog = 0;
		};
		A852FEE21CF82CA8E2BB18C1 /* [CP] Embed Pods Frameworks */ = {
			isa = PBXShellScriptBuildPhase;
			buildActionMask = 2147483647;
			files = (
			);
			inputPaths = (
			);
			name = "[CP] Embed Pods Frameworks";
			outputPaths = (
			);
			runOnlyForDeploymentPostprocessing = 0;
			shellPath = /bin/sh;
			shellScript = "\"${SRCROOT}/Pods/Target Support Files/Pods-MovieViewer/Pods-MovieViewer-frameworks.sh\"\n";
			showEnvVarsInLog = 0;
		};
/* End PBXShellScriptBuildPhase section */

/* Begin PBXSourcesBuildPhase section */
		DACF71B71E25F69600C1D079 /* Sources */ = {
			isa = PBXSourcesBuildPhase;
			buildActionMask = 2147483647;
			files = (
				DACF71BF1E25F69600C1D079 /* AppDelegate.swift in Sources */,
				DACF71D51E25F8BF00C1D079 /* MoviesViewController.swift in Sources */,
				DACF71D81E2736DC00C1D079 /* MovieCell.swift in Sources */,
			);
			runOnlyForDeploymentPostprocessing = 0;
		};
/* End PBXSourcesBuildPhase section */

/* Begin PBXVariantGroup section */
		DACF71C21E25F69600C1D079 /* Main.storyboard */ = {
			isa = PBXVariantGroup;
			children = (
				DACF71C31E25F69600C1D079 /* Base */,
			);
			name = Main.storyboard;
			sourceTree = "<group>";
		};
		DACF71C71E25F69600C1D079 /* LaunchScreen.storyboard */ = {
			isa = PBXVariantGroup;
			children = (
				DACF71C81E25F69600C1D079 /* Base */,
			);
			name = LaunchScreen.storyboard;
			sourceTree = "<group>";
		};
/* End PBXVariantGroup section */

/* Begin XCBuildConfiguration section */
		DACF71CB1E25F69600C1D079 /* Debug */ = {
			isa = XCBuildConfiguration;
			buildSettings = {
				ALWAYS_SEARCH_USER_PATHS = NO;
				CLANG_CXX_LANGUAGE_STANDARD = "gnu++0x";
				CLANG_CXX_LIBRARY = "libc++";
				CLANG_ENABLE_MODULES = YES;
				CLANG_ENABLE_OBJC_ARC = YES;
				CLANG_WARN_BOOL_CONVERSION = YES;
				CLANG_WARN_CONSTANT_CONVERSION = YES;
				CLANG_WARN_DIRECT_OBJC_ISA_USAGE = YES_ERROR;
				CLANG_WARN_EMPTY_BODY = YES;
				CLANG_WARN_ENUM_CONVERSION = YES;
				CLANG_WARN_INT_CONVERSION = YES;
				CLANG_WARN_OBJC_ROOT_CLASS = YES_ERROR;
				CLANG_WARN_UNREACHABLE_CODE = YES;
				CLANG_WARN__DUPLICATE_METHOD_MATCH = YES;
				"CODE_SIGN_IDENTITY[sdk=iphoneos*]" = "iPhone Developer";
				COPY_PHASE_STRIP = NO;
				DEBUG_INFORMATION_FORMAT = dwarf;
				ENABLE_STRICT_OBJC_MSGSEND = YES;
				ENABLE_TESTABILITY = YES;
				GCC_C_LANGUAGE_STANDARD = gnu99;
				GCC_DYNAMIC_NO_PIC = NO;
				GCC_NO_COMMON_BLOCKS = YES;
				GCC_OPTIMIZATION_LEVEL = 0;
				GCC_PREPROCESSOR_DEFINITIONS = (
					"DEBUG=1",
					"$(inherited)",
				);
				GCC_WARN_64_TO_32_BIT_CONVERSION = YES;
				GCC_WARN_ABOUT_RETURN_TYPE = YES_ERROR;
				GCC_WARN_UNDECLARED_SELECTOR = YES;
				GCC_WARN_UNINITIALIZED_AUTOS = YES_AGGRESSIVE;
				GCC_WARN_UNUSED_FUNCTION = YES;
				GCC_WARN_UNUSED_VARIABLE = YES;
				IPHONEOS_DEPLOYMENT_TARGET = 9.2;
				MTL_ENABLE_DEBUG_INFO = YES;
				ONLY_ACTIVE_ARCH = YES;
				SDKROOT = iphoneos;
				SWIFT_OPTIMIZATION_LEVEL = "-Onone";
			};
			name = Debug;
		};
		DACF71CC1E25F69600C1D079 /* Release */ = {
			isa = XCBuildConfiguration;
			buildSettings = {
				ALWAYS_SEARCH_USER_PATHS = NO;
				CLANG_CXX_LANGUAGE_STANDARD = "gnu++0x";
				CLANG_CXX_LIBRARY = "libc++";
				CLANG_ENABLE_MODULES = YES;
				CLANG_ENABLE_OBJC_ARC = YES;
				CLANG_WARN_BOOL_CONVERSION = YES;
				CLANG_WARN_CONSTANT_CONVERSION = YES;
				CLANG_WARN_DIRECT_OBJC_ISA_USAGE = YES_ERROR;
				CLANG_WARN_EMPTY_BODY = YES;
				CLANG_WARN_ENUM_CONVERSION = YES;
				CLANG_WARN_INT_CONVERSION = YES;
				CLANG_WARN_OBJC_ROOT_CLASS = YES_ERROR;
				CLANG_WARN_UNREACHABLE_CODE = YES;
				CLANG_WARN__DUPLICATE_METHOD_MATCH = YES;
				"CODE_SIGN_IDENTITY[sdk=iphoneos*]" = "iPhone Developer";
				COPY_PHASE_STRIP = NO;
				DEBUG_INFORMATION_FORMAT = "dwarf-with-dsym";
				ENABLE_NS_ASSERTIONS = NO;
				ENABLE_STRICT_OBJC_MSGSEND = YES;
				GCC_C_LANGUAGE_STANDARD = gnu99;
				GCC_NO_COMMON_BLOCKS = YES;
				GCC_WARN_64_TO_32_BIT_CONVERSION = YES;
				GCC_WARN_ABOUT_RETURN_TYPE = YES_ERROR;
				GCC_WARN_UNDECLARED_SELECTOR = YES;
				GCC_WARN_UNINITIALIZED_AUTOS = YES_AGGRESSIVE;
				GCC_WARN_UNUSED_FUNCTION = YES;
				GCC_WARN_UNUSED_VARIABLE = YES;
				IPHONEOS_DEPLOYMENT_TARGET = 9.2;
				MTL_ENABLE_DEBUG_INFO = NO;
				SDKROOT = iphoneos;
				VALIDATE_PRODUCT = YES;
			};
			name = Release;
		};
		DACF71CE1E25F69600C1D079 /* Debug */ = {
			isa = XCBuildConfiguration;
			baseConfigurationReference = 79C0900A624073E9C4DFDEEB /* Pods-MovieViewer.debug.xcconfig */;
			buildSettings = {
				ASSETCATALOG_COMPILER_APPICON_NAME = AppIcon;
				INFOPLIST_FILE = MovieViewer/Info.plist;
				LD_RUNPATH_SEARCH_PATHS = "$(inherited) @executable_path/Frameworks";
				PRODUCT_BUNDLE_IDENTIFIER = com.codepath.MovieViewer;
				PRODUCT_NAME = "$(TARGET_NAME)";
			};
			name = Debug;
		};
		DACF71CF1E25F69600C1D079 /* Release */ = {
			isa = XCBuildConfiguration;
			baseConfigurationReference = E661505BA93532217E764703 /* Pods-MovieViewer.release.xcconfig */;
			buildSettings = {
				ASSETCATALOG_COMPILER_APPICON_NAME = AppIcon;
				INFOPLIST_FILE = MovieViewer/Info.plist;
				LD_RUNPATH_SEARCH_PATHS = "$(inherited) @executable_path/Frameworks";
				PRODUCT_BUNDLE_IDENTIFIER = com.codepath.MovieViewer;
				PRODUCT_NAME = "$(TARGET_NAME)";
			};
			name = Release;
		};
/* End XCBuildConfiguration section */

/* Begin XCConfigurationList section */
		DACF71B61E25F69600C1D079 /* Build configuration list for PBXProject "MovieViewer" */ = {
			isa = XCConfigurationList;
			buildConfigurations = (
				DACF71CB1E25F69600C1D079 /* Debug */,
				DACF71CC1E25F69600C1D079 /* Release */,
			);
			defaultConfigurationIsVisible = 0;
			defaultConfigurationName = Release;
		};
		DACF71CD1E25F69600C1D079 /* Build configuration list for PBXNativeTarget "MovieViewer" */ = {
			isa = XCConfigurationList;
			buildConfigurations = (
				DACF71CE1E25F69600C1D079 /* Debug */,
				DACF71CF1E25F69600C1D079 /* Release */,
			);
			defaultConfigurationIsVisible = 0;
		};
/* End XCConfigurationList section */
	};
	rootObject = DACF71B31E25F69600C1D079 /* Project object */;
}
